{
  "name": "tracker",
  "version": "1.0.0",
  "lockfileVersion": 2,
  "requires": true,
  "packages": {
    "": {
      "name": "tracker",
      "version": "1.0.0",
      "license": "ISC",
      "dependencies": {
        "arrmatura": "^5.0.6"
      },
      "devDependencies": {}
    },
    "node_modules/arrmatura": {
      "version": "5.0.6",
      "resolved": "https://registry.npmjs.org/arrmatura/-/arrmatura-5.0.6.tgz",
      "integrity": "sha512-bw+SZ+BjJKGC5ypyraN0vk30vAUtJ4XBO3nmvL/pOfjwA6igKlkzKsLhJWqghEfT2q15R8lO1tMunwjOc1jeMQ=="
    }
  },
  "dependencies": {
    "arrmatura": {
      "version": "5.0.6",
      "resolved": "https://registry.npmjs.org/arrmatura/-/arrmatura-5.0.6.tgz",
      "integrity": "sha512-bw+SZ+BjJKGC5ypyraN0vk30vAUtJ4XBO3nmvL/pOfjwA6igKlkzKsLhJWqghEfT2q15R8lO1tMunwjOc1jeMQ=="
    }
  }
}
